// !$*UTF8*$!
{
	archiveVersion = 1;
	classes = {
	};
	objectVersion = 48;
	objects = {

/* Begin PBXBuildFile section */
		CA97E16A250F0D95003BC1B2 /* AppDelegate.swift in Sources */ = {isa = PBXBuildFile; fileRef = CA97E169250F0D95003BC1B2 /* AppDelegate.swift */; };
		CA97E16C250F0D95003BC1B2 /* ViewController.swift in Sources */ = {isa = PBXBuildFile; fileRef = CA97E16B250F0D95003BC1B2 /* ViewController.swift */; };
		CA97E16E250F0D95003BC1B2 /* Assets.xcassets in Resources */ = {isa = PBXBuildFile; fileRef = CA97E16D250F0D95003BC1B2 /* Assets.xcassets */; };
		CA97E171250F0D95003BC1B2 /* Main.storyboard in Resources */ = {isa = PBXBuildFile; fileRef = CA97E16F250F0D95003BC1B2 /* Main.storyboard */; };
		CA97E17A250F0F73003BC1B2 /* QuotesViewController.swift in Sources */ = {isa = PBXBuildFile; fileRef = CA97E179250F0F73003BC1B2 /* QuotesViewController.swift */; };
/* End PBXBuildFile section */

/* Begin PBXFileReference section */
		CA97E166250F0D95003BC1B2 /* LiveCam Notify.app */ = {isa = PBXFileReference; explicitFileType = wrapper.application; includeInIndex = 0; path = "LiveCam Notify.app"; sourceTree = BUILT_PRODUCTS_DIR; };
		CA97E169250F0D95003BC1B2 /* AppDelegate.swift */ = {isa = PBXFileReference; lastKnownFileType = sourcecode.swift; path = AppDelegate.swift; sourceTree = "<group>"; };
		CA97E16B250F0D95003BC1B2 /* ViewController.swift */ = {isa = PBXFileReference; lastKnownFileType = sourcecode.swift; path = ViewController.swift; sourceTree = "<group>"; };
		CA97E16D250F0D95003BC1B2 /* Assets.xcassets */ = {isa = PBXFileReference; lastKnownFileType = folder.assetcatalog; path = Assets.xcassets; sourceTree = "<group>"; };
		CA97E170250F0D95003BC1B2 /* Base */ = {isa = PBXFileReference; lastKnownFileType = file.storyboard; name = Base; path = Base.lproj/Main.storyboard; sourceTree = "<group>"; };
		CA97E172250F0D95003BC1B2 /* Info.plist */ = {isa = PBXFileReference; lastKnownFileType = text.plist.xml; path = Info.plist; sourceTree = "<group>"; };
		CA97E173250F0D95003BC1B2 /* LiveCam Notify.entitlements */ = {isa = PBXFileReference; lastKnownFileType = text.plist.entitlements; path = "LiveCam Notify.entitlements"; sourceTree = "<group>"; };
		CA97E179250F0F73003BC1B2 /* QuotesViewController.swift */ = {isa = PBXFileReference; lastKnownFileType = sourcecode.swift; path = QuotesViewController.swift; sourceTree = "<group>"; };
/* End PBXFileReference section */

/* Begin PBXFrameworksBuildPhase section */
		CA97E163250F0D95003BC1B2 /* Frameworks */ = {
			isa = PBXFrameworksBuildPhase;
			buildActionMask = 2147483647;
			files = (
			);
			runOnlyForDeploymentPostprocessing = 0;
		};
/* End PBXFrameworksBuildPhase section */

/* Begin PBXGroup section */
		CA97E15D250F0D95003BC1B2 = {
			isa = PBXGroup;
			children = (
				CA97E168250F0D95003BC1B2 /* LiveCam Notify */,
				CA97E167250F0D95003BC1B2 /* Products */,
			);
			sourceTree = "<group>";
		};
		CA97E167250F0D95003BC1B2 /* Products */ = {
			isa = PBXGroup;
			children = (
				CA97E166250F0D95003BC1B2 /* LiveCam Notify.app */,
			);
			name = Products;
			sourceTree = "<group>";
		};
		CA97E168250F0D95003BC1B2 /* LiveCam Notify */ = {
			isa = PBXGroup;
			children = (
				CA97E169250F0D95003BC1B2 /* AppDelegate.swift */,
				CA97E179250F0F73003BC1B2 /* QuotesViewController.swift */,
				CA97E16B250F0D95003BC1B2 /* ViewController.swift */,
				CA97E16D250F0D95003BC1B2 /* Assets.xcassets */,
				CA97E16F250F0D95003BC1B2 /* Main.storyboard */,
				CA97E172250F0D95003BC1B2 /* Info.plist */,
				CA97E173250F0D95003BC1B2 /* LiveCam Notify.entitlements */,
			);
			path = "LiveCam Notify";
			sourceTree = "<group>";
		};
/* End PBXGroup section */

/* Begin PBXNativeTarget section */
		CA97E165250F0D95003BC1B2 /* LiveCam Notify */ = {
			isa = PBXNativeTarget;
			buildConfigurationList = CA97E176250F0D95003BC1B2 /* Build configuration list for PBXNativeTarget "LiveCam Notify" */;
			buildPhases = (
				CA97E162250F0D95003BC1B2 /* Sources */,
				CA97E163250F0D95003BC1B2 /* Frameworks */,
				CA97E164250F0D95003BC1B2 /* Resources */,
			);
			buildRules = (
			);
			dependencies = (
			);
			name = "LiveCam Notify";
			productName = Quotes;
			productReference = CA97E166250F0D95003BC1B2 /* LiveCam Notify.app */;
			productType = "com.apple.product-type.application";
		};
/* End PBXNativeTarget section */

/* Begin PBXProject section */
		CA97E15E250F0D95003BC1B2 /* Project object */ = {
			isa = PBXProject;
			attributes = {
				LastSwiftUpdateCheck = 0920;
				LastUpgradeCheck = 0920;
				ORGANIZATIONNAME = "Brandon Yee";
				TargetAttributes = {
					CA97E165250F0D95003BC1B2 = {
						CreatedOnToolsVersion = 9.2;
						ProvisioningStyle = Automatic;
					};
				};
			};
			buildConfigurationList = CA97E161250F0D95003BC1B2 /* Build configuration list for PBXProject "LiveCam Notify" */;
			compatibilityVersion = "Xcode 8.0";
			developmentRegion = en;
			hasScannedForEncodings = 0;
			knownRegions = (
				en,
				Base,
			);
			mainGroup = CA97E15D250F0D95003BC1B2;
			productRefGroup = CA97E167250F0D95003BC1B2 /* Products */;
			projectDirPath = "";
			projectRoot = "";
			targets = (
				CA97E165250F0D95003BC1B2 /* LiveCam Notify */,
			);
		};
/* End PBXProject section */

/* Begin PBXResourcesBuildPhase section */
		CA97E164250F0D95003BC1B2 /* Resources */ = {
			isa = PBXResourcesBuildPhase;
			buildActionMask = 2147483647;
			files = (
				CA97E16E250F0D95003BC1B2 /* Assets.xcassets in Resources */,
				CA97E171250F0D95003BC1B2 /* Main.storyboard in Resources */,
			);
			runOnlyForDeploymentPostprocessing = 0;
		};
/* End PBXResourcesBuildPhase section */

/* Begin PBXSourcesBuildPhase section */
		CA97E162250F0D95003BC1B2 /* Sources */ = {
			isa = PBXSourcesBuildPhase;
			buildActionMask = 2147483647;
			files = (
				CA97E16C250F0D95003BC1B2 /* ViewController.swift in Sources */,
				CA97E17A250F0F73003BC1B2 /* QuotesViewController.swift in Sources */,
				CA97E16A250F0D95003BC1B2 /* AppDelegate.swift in Sources */,
			);
			runOnlyForDeploymentPostprocessing = 0;
		};
/* End PBXSourcesBuildPhase section */

/* Begin PBXVariantGroup section */
		CA97E16F250F0D95003BC1B2 /* Main.storyboard */ = {
			isa = PBXVariantGroup;
			children = (
				CA97E170250F0D95003BC1B2 /* Base */,
			);
			name = Main.storyboard;
			sourceTree = "<group>";
		};
/* End PBXVariantGroup section */

/* Begin XCBuildConfiguration section */
		CA97E174250F0D95003BC1B2 /* Debug */ = {
			isa = XCBuildConfiguration;
			buildSettings = {
				ALWAYS_SEARCH_USER_PATHS = NO;
				CLANG_ANALYZER_NONNULL = YES;
				CLANG_ANALYZER_NUMBER_OBJECT_CONVERSION = YES_AGGRESSIVE;
				CLANG_CXX_LANGUAGE_STANDARD = "gnu++14";
				CLANG_CXX_LIBRARY = "libc++";
				CLANG_ENABLE_MODULES = YES;
				CLANG_ENABLE_OBJC_ARC = YES;
				CLANG_WARN_BLOCK_CAPTURE_AUTORELEASING = YES;
				CLANG_WARN_BOOL_CONVERSION = YES;
				CLANG_WARN_COMMA = YES;
				CLANG_WARN_CONSTANT_CONVERSION = YES;
				CLANG_WARN_DIRECT_OBJC_ISA_USAGE = YES_ERROR;
				CLANG_WARN_DOCUMENTATION_COMMENTS = YES;
				CLANG_WARN_EMPTY_BODY = YES;
				CLANG_WARN_ENUM_CONVERSION = YES;
				CLANG_WARN_INFINITE_RECURSION = YES;
				CLANG_WARN_INT_CONVERSION = YES;
				CLANG_WARN_NON_LITERAL_NULL_CONVERSION = YES;
				CLANG_WARN_OBJC_LITERAL_CONVERSION = YES;
				CLANG_WARN_OBJC_ROOT_CLASS = YES_ERROR;
				CLANG_WARN_RANGE_LOOP_ANALYSIS = YES;
				CLANG_WARN_STRICT_PROTOTYPES = YES;
				CLANG_WARN_SUSPICIOUS_MOVE = YES;
				CLANG_WARN_UNGUARDED_AVAILABILITY = YES_AGGRESSIVE;
				CLANG_WARN_UNREACHABLE_CODE = YES;
				CLANG_WARN__DUPLICATE_METHOD_MATCH = YES;
				CODE_SIGN_IDENTITY = "-";
				COPY_PHASE_STRIP = NO;
				DEBUG_INFORMATION_FORMAT = dwarf;
				ENABLE_STRICT_OBJC_MSGSEND = YES;
				ENABLE_TESTABILITY = YES;
				GCC_C_LANGUAGE_STANDARD = gnu11;
				GCC_DYNAMIC_NO_PIC = NO;
				GCC_NO_COMMON_BLOCKS = YES;
				GCC_OPTIMIZATION_LEVEL = 0;
				GCC_PREPROCESSOR_DEFINITIONS = (
					"DEBUG=1",
					"$(inherited)",
				);
				GCC_WARN_64_TO_32_BIT_CONVERSION = YES;
				GCC_WARN_ABOUT_RETURN_TYPE = YES_ERROR;
				GCC_WARN_UNDECLARED_SELECTOR = YES;
				GCC_WARN_UNINITIALIZED_AUTOS = YES_AGGRESSIVE;
				GCC_WARN_UNUSED_FUNCTION = YES;
				GCC_WARN_UNUSED_VARIABLE = YES;
				MACOSX_DEPLOYMENT_TARGET = 10.14;
				MTL_ENABLE_DEBUG_INFO = YES;
				ONLY_ACTIVE_ARCH = YES;
				SDKROOT = macosx;
				SWIFT_ACTIVE_COMPILATION_CONDITIONS = DEBUG;
				SWIFT_OPTIMIZATION_LEVEL = "-Onone";
			};
			name = Debug;
		};
		CA97E175250F0D95003BC1B2 /* Release */ = {
			isa = XCBuildConfiguration;
			buildSettings = {
				ALWAYS_SEARCH_USER_PATHS = NO;
				CLANG_ANALYZER_NONNULL = YES;
				CLANG_ANALYZER_NUMBER_OBJECT_CONVERSION = YES_AGGRESSIVE;
				CLANG_CXX_LANGUAGE_STANDARD = "gnu++14";
				CLANG_CXX_LIBRARY = "libc++";
				CLANG_ENABLE_MODULES = YES;
				CLANG_ENABLE_OBJC_ARC = YES;
				CLANG_WARN_BLOCK_CAPTURE_AUTORELEASING = YES;
				CLANG_WARN_BOOL_CONVERSION = YES;
				CLANG_WARN_COMMA = YES;
				CLANG_WARN_CONSTANT_CONVERSION = YES;
				CLANG_WARN_DIRECT_OBJC_ISA_USAGE = YES_ERROR;
				CLANG_WARN_DOCUMENTATION_COMMENTS = YES;
				CLANG_WARN_EMPTY_BODY = YES;
				CLANG_WARN_ENUM_CONVERSION = YES;
				CLANG_WARN_INFINITE_RECURSION = YES;
				CLANG_WARN_INT_CONVERSION = YES;
				CLANG_WARN_NON_LITERAL_NULL_CONVERSION = YES;
				CLANG_WARN_OBJC_LITERAL_CONVERSION = YES;
				CLANG_WARN_OBJC_ROOT_CLASS = YES_ERROR;
				CLANG_WARN_RANGE_LOOP_ANALYSIS = YES;
				CLANG_WARN_STRICT_PROTOTYPES = YES;
				CLANG_WARN_SUSPICIOUS_MOVE = YES;
				CLANG_WARN_UNGUARDED_AVAILABILITY = YES_AGGRESSIVE;
				CLANG_WARN_UNREACHABLE_CODE = YES;
				CLANG_WARN__DUPLICATE_METHOD_MATCH = YES;
				CODE_SIGN_IDENTITY = "-";
				COPY_PHASE_STRIP = NO;
				DEBUG_INFORMATION_FORMAT = "dwarf-with-dsym";
				ENABLE_NS_ASSERTIONS = NO;
				ENABLE_STRICT_OBJC_MSGSEND = YES;
				GCC_C_LANGUAGE_STANDARD = gnu11;
				GCC_NO_COMMON_BLOCKS = YES;
				GCC_WARN_64_TO_32_BIT_CONVERSION = YES;
				GCC_WARN_ABOUT_RETURN_TYPE = YES_ERROR;
				GCC_WARN_UNDECLARED_SELECTOR = YES;
				GCC_WARN_UNINITIALIZED_AUTOS = YES_AGGRESSIVE;
				GCC_WARN_UNUSED_FUNCTION = YES;
				GCC_WARN_UNUSED_VARIABLE = YES;
				MACOSX_DEPLOYMENT_TARGET = 10.14;
				MTL_ENABLE_DEBUG_INFO = NO;
				SDKROOT = macosx;
				SWIFT_OPTIMIZATION_LEVEL = "-Owholemodule";
			};
			name = Release;
		};
		CA97E177250F0D95003BC1B2 /* Debug */ = {
			isa = XCBuildConfiguration;
			buildSettings = {
				ASSETCATALOG_COMPILER_APPICON_NAME = AppIcon;
				CODE_SIGN_ENTITLEMENTS = "LiveCam Notify/LiveCam Notify.entitlements";
				CODE_SIGN_STYLE = Automatic;
				COMBINE_HIDPI_IMAGES = YES;
				INFOPLIST_FILE = "LiveCam Notify/Info.plist";
				LD_RUNPATH_SEARCH_PATHS = "$(inherited) @executable_path/../Frameworks";
				MACOSX_DEPLOYMENT_TARGET = 10.13;
				PRODUCT_BUNDLE_IDENTIFIER = com.brandonyee.livecam;
				PRODUCT_NAME = "$(TARGET_NAME)";
				SWIFT_VERSION = 4.0;
			};
			name = Debug;
		};
		CA97E178250F0D95003BC1B2 /* Release */ = {
			isa = XCBuildConfiguration;
			buildSettings = {
				ASSETCATALOG_COMPILER_APPICON_NAME = AppIcon;
				CODE_SIGN_ENTITLEMENTS = "LiveCam Notify/LiveCam Notify.entitlements";
				CODE_SIGN_STYLE = Automatic;
				COMBINE_HIDPI_IMAGES = YES;
				INFOPLIST_FILE = "LiveCam Notify/Info.plist";
				LD_RUNPATH_SEARCH_PATHS = "$(inherited) @executable_path/../Frameworks";
				MACOSX_DEPLOYMENT_TARGET = 10.13;
				PRODUCT_BUNDLE_IDENTIFIER = com.brandonyee.livecam;
				PRODUCT_NAME = "$(TARGET_NAME)";
				SWIFT_VERSION = 4.0;
			};
			name = Release;
		};
/* End XCBuildConfiguration section */

/* Begin XCConfigurationList section */
		CA97E161250F0D95003BC1B2 /* Build configuration list for PBXProject "LiveCam Notify" */ = {
			isa = XCConfigurationList;
			buildConfigurations = (
				CA97E174250F0D95003BC1B2 /* Debug */,
				CA97E175250F0D95003BC1B2 /* Release */,
			);
			defaultConfigurationIsVisible = 0;
			defaultConfigurationName = Release;
		};
		CA97E176250F0D95003BC1B2 /* Build configuration list for PBXNativeTarget "LiveCam Notify" */ = {
			isa = XCConfigurationList;
			buildConfigurations = (
				CA97E177250F0D95003BC1B2 /* Debug */,
				CA97E178250F0D95003BC1B2 /* Release */,
			);
			defaultConfigurationIsVisible = 0;
			defaultConfigurationName = Release;
		};
/* End XCConfigurationList section */
	};
	rootObject = CA97E15E250F0D95003BC1B2 /* Project object */;
}
